go.winto.dev/async v1.1.4 h1:7qqSo4uhir2S8TgSE7C8/oq59YIlWxPGtv61R6SKDnE=
go.winto.dev/async v1.1.4/go.mod h1:G2R9xz8AU5jMbGofelWf2u1qPK3mRiIizhtXMr3Eo2Y=
go.winto.dev/errors v1.2.2 h1:iNeLJQVxSo10yEfhh9Pe07NC99Ird/AsSN4yeTdw3qU=
go.winto.dev/errors v1.2.2/go.mod h1:pw50TK5O3qUp8R9C8ut456g1XH56HDhAml8FLG+66tk=
