go.winto.dev/daemonize v0.4.1 h1:shF/SGrAA/WOmHOs6n+aOoc4eO5rKzqQ/g5uYa1VZME=
go.winto.dev/daemonize v0.4.1/go.mod h1:KTOMQc8dH64A71yS9xxDMvFW+GrcwmFVIbjKPJ2oAkM=
go.winto.dev/gorundir v1.2.0 h1:T0V2mP2aAeTZu0yQpFRNPL1HcIV3nvEu/i+sRgVzI20=
go.winto.dev/gorundir v1.2.0/go.mod h1:bAIryAr34HxWe4Keya2j2snRqzapYqqOh3NlMDDrv4A=
